
Microsoft Visual Studio Solution File, Format Version 12.00
# Visual Studio Version 17
VisualStudioVersion = 17.0.32112.339
MinimumVisualStudioVersion = 10.0.40219.1
Project("{FAE04EC0-301F-11D3-BF4B-00C04F79EFBC}") = "3033_1_lc_0830_LoopsFunctions", "3033_1_lc_0830_LoopsFunctions\3033_1_lc_0830_LoopsFunctions.csproj", "{F82D0D88-13D3-47B5-A890-A7554B272167}"
EndProject
Global
	GlobalSection(SolutionConfigurationPlatforms) = preSolution
		Debug|Any CPU = Debug|Any CPU
		Release|Any CPU = Release|Any CPU
	EndGlobalSection
	GlobalSection(ProjectConfigurationPlatforms) = postSolution
		{F82D0D88-13D3-47B5-A890-A7554B272167}.Debug|Any CPU.ActiveCfg = Debug|Any CPU
		{F82D0D88-13D3-47B5-A890-A7554B272167}.Debug|Any CPU.Build.0 = Debug|Any CPU
		{F82D0D88-13D3-47B5-A890-A7554B272167}.Release|Any CPU.ActiveCfg = Release|Any CPU
		{F82D0D88-13D3-47B5-A890-A7554B272167}.Release|Any CPU.Build.0 = Release|Any CPU
	EndGlobalSection
	GlobalSection(SolutionProperties) = preSolution
		HideSolutionNode = FALSE
	EndGlobalSection
	GlobalSection(ExtensibilityGlobals) = postSolution
		SolutionGuid = {3F684EA8-6321-4711-BE39-D4E6C903C89D}
	EndGlobalSection
EndGlobal
